# This file is automatically @generated by Poetry 1.8.5 and should not be changed by hand.

[[package]]
name = "quickfix"
version = "1.16.0"
description = "FIX (Financial Information eXchange) protocol implementation"
optional = false
python-versions = ">=3.6"
files = [
    {file = "quickfix-1.16.0.tar.gz", hash = "sha256:825aceb72cfd69c30fbbf5b380b66f464abe1fe3188374f13d8c9987dd8eb4e9"},
]

[metadata]
lock-version = "2.0"
python-versions = "^3.10"
content-hash = "55046b6b4bf5797c6769aa15e2ccbc10e1f5eb65333aeb25bde5a35c008dda3d"
